PODS:
  - Flutter (1.0.0)
  - FTAuth/Common (0.1.0)
  - ftauth_flutter (0.0.1):
    - Flutter
    - FTAuth/Common
  - integration_test (0.0.1):
    - Flutter
  - webcrypto (0.1.1):
    - Flutter

DEPENDENCIES:
  - Flutter (from `Flutter`)
  - FTAuth/Common (from `../../../../sdk-mobile/ios`)
  - ftauth_flutter (from `.symlinks/plugins/ftauth_flutter/ios`)
  - integration_test (from `.symlinks/plugins/integration_test/ios`)
  - webcrypto (from `.symlinks/plugins/webcrypto/ios`)

EXTERNAL SOURCES:
  Flutter:
    :path: Flutter
  FTAuth:
    :path: "../../../../sdk-mobile/ios"
  ftauth_flutter:
    :path: ".symlinks/plugins/ftauth_flutter/ios"
  integration_test:
    :path: ".symlinks/plugins/integration_test/ios"
  webcrypto:
    :path: ".symlinks/plugins/webcrypto/ios"

SPEC CHECKSUMS:
  Flutter: 434fef37c0980e73bb6479ef766c45957d4b510c
  FTAuth: 7327161d5899031cac35b06b25aca3ff4c10aea9
  ftauth_flutter: fb7178bd9a4af8534eea39b49b93bac5fd63e385
  integration_test: 5ed24a436eb7ec17b6a13046e9bf7ca4a404e59e
  webcrypto: ac37b97f415c7114abb8af22d58048b5cbcb23d3

PODFILE CHECKSUM: eb00967f13bc90d101c2be0dfa4e09d47064099d

COCOAPODS: 1.10.0
